// !$*UTF8*$!
{
	archiveVersion = 1;
	classes = {
	};
	objectVersion = 46;
	objects = {

/* Begin PBXBuildFile section */
		751CEB211A7CC51900E63ED6 /* AppDelegate.swift in Sources */ = {isa = PBXBuildFile; fileRef = 751CEB201A7CC51900E63ED6 /* AppDelegate.swift */; };
		751CEB281A7CC51900E63ED6 /* Images.xcassets in Resources */ = {isa = PBXBuildFile; fileRef = 751CEB271A7CC51900E63ED6 /* Images.xcassets */; };
		751CEB2B1A7CC51900E63ED6 /* LaunchScreen.xib in Resources */ = {isa = PBXBuildFile; fileRef = 751CEB291A7CC51900E63ED6 /* LaunchScreen.xib */; };
		751CEB371A7CC51900E63ED6 /* MemoAppTests.swift in Sources */ = {isa = PBXBuildFile; fileRef = 751CEB361A7CC51900E63ED6 /* MemoAppTests.swift */; };
		752F94271A7DF4D5004C3F3F /* EditViewController.swift in Sources */ = {isa = PBXBuildFile; fileRef = 752F94261A7DF4D5004C3F3F /* EditViewController.swift */; };
		756705DB1B36C62900D7AE12 /* Montserrat-Bold.ttf in Resources */ = {isa = PBXBuildFile; fileRef = 756705D91B36C51200D7AE12 /* Montserrat-Bold.ttf */; };
		756EF1571B7F9079004E026B /* SwipeBetweenViewControllers.swift in Sources */ = {isa = PBXBuildFile; fileRef = 756EF1561B7F9079004E026B /* SwipeBetweenViewControllers.swift */; };
		7572BEBE1B35587000913D35 /* IJReachability.swift in Sources */ = {isa = PBXBuildFile; fileRef = 7572BEBD1B35587000913D35 /* IJReachability.swift */; };
		757724B01AFE1811005D15D2 /* ReadTableViewController.swift in Sources */ = {isa = PBXBuildFile; fileRef = 757724AE1AFE1811005D15D2 /* ReadTableViewController.swift */; };
		757724B11AFE1811005D15D2 /* ReadTableViewController.xib in Resources */ = {isa = PBXBuildFile; fileRef = 757724AF1AFE1811005D15D2 /* ReadTableViewController.xib */; };
		757724B31AFE29A9005D15D2 /* WriteViewController.xib in Resources */ = {isa = PBXBuildFile; fileRef = 757724B21AFE29A9005D15D2 /* WriteViewController.xib */; };
		75795DAB1A7CE859004425FA /* WriteViewController.swift in Sources */ = {isa = PBXBuildFile; fileRef = 75795DAA1A7CE859004425FA /* WriteViewController.swift */; };
		758641971B8ADF9600736BFA /* reload.pdf in Resources */ = {isa = PBXBuildFile; fileRef = 758641961B8ADF9600736BFA /* reload.pdf */; };
		758641991B8ADFEF00736BFA /* earth.pdf in Resources */ = {isa = PBXBuildFile; fileRef = 758641981B8ADFEF00736BFA /* earth.pdf */; };
		7586419B1B8AE6AC00736BFA /* left.pdf in Resources */ = {isa = PBXBuildFile; fileRef = 7586419A1B8AE6AC00736BFA /* left.pdf */; };
		7586419D1B8AE77A00736BFA /* right.pdf in Resources */ = {isa = PBXBuildFile; fileRef = 7586419C1B8AE77A00736BFA /* right.pdf */; };
		7586419F1B8AEAC000736BFA /* done.pdf in Resources */ = {isa = PBXBuildFile; fileRef = 7586419E1B8AEAC000736BFA /* done.pdf */; };
		758641A11B8AEBFA00736BFA /* cancel.pdf in Resources */ = {isa = PBXBuildFile; fileRef = 758641A01B8AEBFA00736BFA /* cancel.pdf */; };
		758641B91B8B55E100736BFA /* icon.png in Resources */ = {isa = PBXBuildFile; fileRef = 758641B81B8B55E100736BFA /* icon.png */; };
		758641BB1B8B574400736BFA /* lscreen.png in Resources */ = {isa = PBXBuildFile; fileRef = 758641BA1B8B574400736BFA /* lscreen.png */; };
		75A9C5B11B10488A00353A9A /* WebViewController.xib in Resources */ = {isa = PBXBuildFile; fileRef = 75A9C5B01B10488A00353A9A /* WebViewController.xib */; };
		75D0ED3F1AF761E400583344 /* Main.storyboard in Resources */ = {isa = PBXBuildFile; fileRef = 75D0ED3E1AF761E400583344 /* Main.storyboard */; };
		75E5A6071B39B5EC0044016A /* cancel.png in Resources */ = {isa = PBXBuildFile; fileRef = 75E5A6061B39B5EC0044016A /* cancel.png */; };
		75E5A6091B39B6460044016A /* done.png in Resources */ = {isa = PBXBuildFile; fileRef = 75E5A6081B39B6460044016A /* done.png */; };
		75EB12F71AAAC99800907C11 /* WebViewController.swift in Sources */ = {isa = PBXBuildFile; fileRef = 75EB12F61AAAC99800907C11 /* WebViewController.swift */; };
/* End PBXBuildFile section */

/* Begin PBXContainerItemProxy section */
		751CEB311A7CC51900E63ED6 /* PBXContainerItemProxy */ = {
			isa = PBXContainerItemProxy;
			containerPortal = 751CEB131A7CC51900E63ED6 /* Project object */;
			proxyType = 1;
			remoteGlobalIDString = 751CEB1A1A7CC51900E63ED6;
			remoteInfo = MemoApp;
		};
/* End PBXContainerItemProxy section */

/* Begin PBXFileReference section */
		751CEB1B1A7CC51900E63ED6 /* WebMemo.app */ = {isa = PBXFileReference; explicitFileType = wrapper.application; includeInIndex = 0; path = WebMemo.app; sourceTree = BUILT_PRODUCTS_DIR; };
		751CEB1F1A7CC51900E63ED6 /* Info.plist */ = {isa = PBXFileReference; lastKnownFileType = text.plist.xml; path = Info.plist; sourceTree = "<group>"; };
		751CEB201A7CC51900E63ED6 /* AppDelegate.swift */ = {isa = PBXFileReference; lastKnownFileType = sourcecode.swift; path = AppDelegate.swift; sourceTree = "<group>"; };
		751CEB271A7CC51900E63ED6 /* Images.xcassets */ = {isa = PBXFileReference; lastKnownFileType = folder.assetcatalog; path = Images.xcassets; sourceTree = "<group>"; };
		751CEB2A1A7CC51900E63ED6 /* Base */ = {isa = PBXFileReference; lastKnownFileType = file.xib; name = Base; path = Base.lproj/LaunchScreen.xib; sourceTree = "<group>"; };
		751CEB301A7CC51900E63ED6 /* MemoAppTests.xctest */ = {isa = PBXFileReference; explicitFileType = wrapper.cfbundle; includeInIndex = 0; path = MemoAppTests.xctest; sourceTree = BUILT_PRODUCTS_DIR; };
		751CEB351A7CC51900E63ED6 /* Info.plist */ = {isa = PBXFileReference; lastKnownFileType = text.plist.xml; path = Info.plist; sourceTree = "<group>"; };
		751CEB361A7CC51900E63ED6 /* MemoAppTests.swift */ = {isa = PBXFileReference; lastKnownFileType = sourcecode.swift; path = MemoAppTests.swift; sourceTree = "<group>"; };
		752F94261A7DF4D5004C3F3F /* EditViewController.swift */ = {isa = PBXFileReference; fileEncoding = 4; lastKnownFileType = sourcecode.swift; path = EditViewController.swift; sourceTree = "<group>"; };
		756705D91B36C51200D7AE12 /* Montserrat-Bold.ttf */ = {isa = PBXFileReference; lastKnownFileType = file; path = "Montserrat-Bold.ttf"; sourceTree = "<group>"; };
		756EF1561B7F9079004E026B /* SwipeBetweenViewControllers.swift */ = {isa = PBXFileReference; fileEncoding = 4; lastKnownFileType = sourcecode.swift; path = SwipeBetweenViewControllers.swift; sourceTree = "<group>"; };
		7572BEBD1B35587000913D35 /* IJReachability.swift */ = {isa = PBXFileReference; fileEncoding = 4; lastKnownFileType = sourcecode.swift; path = IJReachability.swift; sourceTree = "<group>"; };
		757724AE1AFE1811005D15D2 /* ReadTableViewController.swift */ = {isa = PBXFileReference; fileEncoding = 4; lastKnownFileType = sourcecode.swift; path = ReadTableViewController.swift; sourceTree = "<group>"; };
		757724AF1AFE1811005D15D2 /* ReadTableViewController.xib */ = {isa = PBXFileReference; fileEncoding = 4; lastKnownFileType = file.xib; path = ReadTableViewController.xib; sourceTree = "<group>"; };
		757724B21AFE29A9005D15D2 /* WriteViewController.xib */ = {isa = PBXFileReference; fileEncoding = 4; lastKnownFileType = file.xib; path = WriteViewController.xib; sourceTree = "<group>"; };
		75795DAA1A7CE859004425FA /* WriteViewController.swift */ = {isa = PBXFileReference; fileEncoding = 4; lastKnownFileType = sourcecode.swift; path = WriteViewController.swift; sourceTree = "<group>"; };
		758641961B8ADF9600736BFA /* reload.pdf */ = {isa = PBXFileReference; lastKnownFileType = image.pdf; path = reload.pdf; sourceTree = "<group>"; };
		758641981B8ADFEF00736BFA /* earth.pdf */ = {isa = PBXFileReference; lastKnownFileType = image.pdf; name = earth.pdf; path = MemoApp/earth.pdf; sourceTree = "<group>"; };
		7586419A1B8AE6AC00736BFA /* left.pdf */ = {isa = PBXFileReference; lastKnownFileType = image.pdf; path = left.pdf; sourceTree = "<group>"; };
		7586419C1B8AE77A00736BFA /* right.pdf */ = {isa = PBXFileReference; lastKnownFileType = image.pdf; path = right.pdf; sourceTree = "<group>"; };
		7586419E1B8AEAC000736BFA /* done.pdf */ = {isa = PBXFileReference; lastKnownFileType = image.pdf; path = done.pdf; sourceTree = "<group>"; };
		758641A01B8AEBFA00736BFA /* cancel.pdf */ = {isa = PBXFileReference; lastKnownFileType = image.pdf; path = cancel.pdf; sourceTree = "<group>"; };
		758641B81B8B55E100736BFA /* icon.png */ = {isa = PBXFileReference; lastKnownFileType = image.png; path = icon.png; sourceTree = "<group>"; };
		758641BA1B8B574400736BFA /* lscreen.png */ = {isa = PBXFileReference; lastKnownFileType = image.png; path = lscreen.png; sourceTree = "<group>"; };
		75A9C5B01B10488A00353A9A /* WebViewController.xib */ = {isa = PBXFileReference; fileEncoding = 4; lastKnownFileType = file.xib; path = WebViewController.xib; sourceTree = "<group>"; };
		75D0ED3E1AF761E400583344 /* Main.storyboard */ = {isa = PBXFileReference; fileEncoding = 4; lastKnownFileType = file.storyboard; path = Main.storyboard; sourceTree = "<group>"; };
		75E5A6061B39B5EC0044016A /* cancel.png */ = {isa = PBXFileReference; lastKnownFileType = image.png; name = cancel.png; path = MemoApp/cancel.png; sourceTree = "<group>"; };
		75E5A6081B39B6460044016A /* done.png */ = {isa = PBXFileReference; lastKnownFileType = image.png; name = done.png; path = MemoApp/done.png; sourceTree = "<group>"; };
		75EB12F61AAAC99800907C11 /* WebViewController.swift */ = {isa = PBXFileReference; fileEncoding = 4; lastKnownFileType = sourcecode.swift; path = WebViewController.swift; sourceTree = "<group>"; };
/* End PBXFileReference section */

/* Begin PBXFrameworksBuildPhase section */
		751CEB181A7CC51900E63ED6 /* Frameworks */ = {
			isa = PBXFrameworksBuildPhase;
			buildActionMask = 2147483647;
			files = (
			);
			runOnlyForDeploymentPostprocessing = 0;
		};
		751CEB2D1A7CC51900E63ED6 /* Frameworks */ = {
			isa = PBXFrameworksBuildPhase;
			buildActionMask = 2147483647;
			files = (
			);
			runOnlyForDeploymentPostprocessing = 0;
		};
/* End PBXFrameworksBuildPhase section */

/* Begin PBXGroup section */
		751CEB121A7CC51900E63ED6 = {
			isa = PBXGroup;
			children = (
				758641BA1B8B574400736BFA /* lscreen.png */,
				758641B81B8B55E100736BFA /* icon.png */,
				7586419C1B8AE77A00736BFA /* right.pdf */,
				7586419A1B8AE6AC00736BFA /* left.pdf */,
				758641981B8ADFEF00736BFA /* earth.pdf */,
				758641961B8ADF9600736BFA /* reload.pdf */,
				7586419E1B8AEAC000736BFA /* done.pdf */,
				758641A01B8AEBFA00736BFA /* cancel.pdf */,
				756705D91B36C51200D7AE12 /* Montserrat-Bold.ttf */,
				75E5A6061B39B5EC0044016A /* cancel.png */,
				75E5A6081B39B6460044016A /* done.png */,
				751CEB1D1A7CC51900E63ED6 /* MemoApp */,
				751CEB331A7CC51900E63ED6 /* MemoAppTests */,
				751CEB1C1A7CC51900E63ED6 /* Products */,
			);
			sourceTree = "<group>";
		};
		751CEB1C1A7CC51900E63ED6 /* Products */ = {
			isa = PBXGroup;
			children = (
				751CEB1B1A7CC51900E63ED6 /* WebMemo.app */,
				751CEB301A7CC51900E63ED6 /* MemoAppTests.xctest */,
			);
			name = Products;
			sourceTree = "<group>";
		};
		751CEB1D1A7CC51900E63ED6 /* MemoApp */ = {
			isa = PBXGroup;
			children = (
				751CEB201A7CC51900E63ED6 /* AppDelegate.swift */,
				756EF1561B7F9079004E026B /* SwipeBetweenViewControllers.swift */,
				7572BEBD1B35587000913D35 /* IJReachability.swift */,
				75D0ED3E1AF761E400583344 /* Main.storyboard */,
				757724AE1AFE1811005D15D2 /* ReadTableViewController.swift */,
				757724AF1AFE1811005D15D2 /* ReadTableViewController.xib */,
				75795DAA1A7CE859004425FA /* WriteViewController.swift */,
				757724B21AFE29A9005D15D2 /* WriteViewController.xib */,
				752F94261A7DF4D5004C3F3F /* EditViewController.swift */,
				75EB12F61AAAC99800907C11 /* WebViewController.swift */,
				75A9C5B01B10488A00353A9A /* WebViewController.xib */,
				751CEB271A7CC51900E63ED6 /* Images.xcassets */,
				751CEB291A7CC51900E63ED6 /* LaunchScreen.xib */,
				751CEB1E1A7CC51900E63ED6 /* Supporting Files */,
			);
			path = MemoApp;
			sourceTree = "<group>";
		};
		751CEB1E1A7CC51900E63ED6 /* Supporting Files */ = {
			isa = PBXGroup;
			children = (
				751CEB1F1A7CC51900E63ED6 /* Info.plist */,
			);
			name = "Supporting Files";
			sourceTree = "<group>";
		};
		751CEB331A7CC51900E63ED6 /* MemoAppTests */ = {
			isa = PBXGroup;
			children = (
				751CEB361A7CC51900E63ED6 /* MemoAppTests.swift */,
				751CEB341A7CC51900E63ED6 /* Supporting Files */,
			);
			path = MemoAppTests;
			sourceTree = "<group>";
		};
		751CEB341A7CC51900E63ED6 /* Supporting Files */ = {
			isa = PBXGroup;
			children = (
				751CEB351A7CC51900E63ED6 /* Info.plist */,
			);
			name = "Supporting Files";
			sourceTree = "<group>";
		};
/* End PBXGroup section */

/* Begin PBXNativeTarget section */
		751CEB1A1A7CC51900E63ED6 /* MemoApp */ = {
			isa = PBXNativeTarget;
			buildConfigurationList = 751CEB3A1A7CC51900E63ED6 /* Build configuration list for PBXNativeTarget "MemoApp" */;
			buildPhases = (
				751CEB171A7CC51900E63ED6 /* Sources */,
				751CEB181A7CC51900E63ED6 /* Frameworks */,
				751CEB191A7CC51900E63ED6 /* Resources */,
			);
			buildRules = (
			);
			dependencies = (
			);
			name = MemoApp;
			productName = MemoApp;
			productReference = 751CEB1B1A7CC51900E63ED6 /* WebMemo.app */;
			productType = "com.apple.product-type.application";
		};
		751CEB2F1A7CC51900E63ED6 /* MemoAppTests */ = {
			isa = PBXNativeTarget;
			buildConfigurationList = 751CEB3D1A7CC51900E63ED6 /* Build configuration list for PBXNativeTarget "MemoAppTests" */;
			buildPhases = (
				751CEB2C1A7CC51900E63ED6 /* Sources */,
				751CEB2D1A7CC51900E63ED6 /* Frameworks */,
				751CEB2E1A7CC51900E63ED6 /* Resources */,
			);
			buildRules = (
			);
			dependencies = (
				751CEB321A7CC51900E63ED6 /* PBXTargetDependency */,
			);
			name = MemoAppTests;
			productName = MemoAppTests;
			productReference = 751CEB301A7CC51900E63ED6 /* MemoAppTests.xctest */;
			productType = "com.apple.product-type.bundle.unit-test";
		};
/* End PBXNativeTarget section */

/* Begin PBXProject section */
		751CEB131A7CC51900E63ED6 /* Project object */ = {
			isa = PBXProject;
			attributes = {
				LastUpgradeCheck = 0610;
				ORGANIZATIONNAME = DAWA;
				TargetAttributes = {
					751CEB1A1A7CC51900E63ED6 = {
						CreatedOnToolsVersion = 6.1.1;
						DevelopmentTeam = G64NK7ZFJJ;
					};
					751CEB2F1A7CC51900E63ED6 = {
						CreatedOnToolsVersion = 6.1.1;
						TestTargetID = 751CEB1A1A7CC51900E63ED6;
					};
				};
			};
			buildConfigurationList = 751CEB161A7CC51900E63ED6 /* Build configuration list for PBXProject "MemoApp" */;
			compatibilityVersion = "Xcode 3.2";
			developmentRegion = English;
			hasScannedForEncodings = 0;
			knownRegions = (
				en,
				Base,
			);
			mainGroup = 751CEB121A7CC51900E63ED6;
			productRefGroup = 751CEB1C1A7CC51900E63ED6 /* Products */;
			projectDirPath = "";
			projectRoot = "";
			targets = (
				751CEB1A1A7CC51900E63ED6 /* MemoApp */,
				751CEB2F1A7CC51900E63ED6 /* MemoAppTests */,
			);
		};
/* End PBXProject section */

/* Begin PBXResourcesBuildPhase section */
		751CEB191A7CC51900E63ED6 /* Resources */ = {
			isa = PBXResourcesBuildPhase;
			buildActionMask = 2147483647;
			files = (
				756705DB1B36C62900D7AE12 /* Montserrat-Bold.ttf in Resources */,
				751CEB2B1A7CC51900E63ED6 /* LaunchScreen.xib in Resources */,
				7586419D1B8AE77A00736BFA /* right.pdf in Resources */,
				75E5A6091B39B6460044016A /* done.png in Resources */,
				758641A11B8AEBFA00736BFA /* cancel.pdf in Resources */,
				75E5A6071B39B5EC0044016A /* cancel.png in Resources */,
				75A9C5B11B10488A00353A9A /* WebViewController.xib in Resources */,
				7586419F1B8AEAC000736BFA /* done.pdf in Resources */,
				75D0ED3F1AF761E400583344 /* Main.storyboard in Resources */,
				7586419B1B8AE6AC00736BFA /* left.pdf in Resources */,
				758641991B8ADFEF00736BFA /* earth.pdf in Resources */,
				758641971B8ADF9600736BFA /* reload.pdf in Resources */,
				751CEB281A7CC51900E63ED6 /* Images.xcassets in Resources */,
				757724B11AFE1811005D15D2 /* ReadTableViewController.xib in Resources */,
				758641BB1B8B574400736BFA /* lscreen.png in Resources */,
				758641B91B8B55E100736BFA /* icon.png in Resources */,
				757724B31AFE29A9005D15D2 /* WriteViewController.xib in Resources */,
			);
			runOnlyForDeploymentPostprocessing = 0;
		};
		751CEB2E1A7CC51900E63ED6 /* Resources */ = {
			isa = PBXResourcesBuildPhase;
			buildActionMask = 2147483647;
			files = (
			);
			runOnlyForDeploymentPostprocessing = 0;
		};
/* End PBXResourcesBuildPhase section */

/* Begin PBXSourcesBuildPhase section */
		751CEB171A7CC51900E63ED6 /* Sources */ = {
			isa = PBXSourcesBuildPhase;
			buildActionMask = 2147483647;
			files = (
				7572BEBE1B35587000913D35 /* IJReachability.swift in Sources */,
				752F94271A7DF4D5004C3F3F /* EditViewController.swift in Sources */,
				756EF1571B7F9079004E026B /* SwipeBetweenViewControllers.swift in Sources */,
				75795DAB1A7CE859004425FA /* WriteViewController.swift in Sources */,
				757724B01AFE1811005D15D2 /* ReadTableViewController.swift in Sources */,
				75EB12F71AAAC99800907C11 /* WebViewController.swift in Sources */,
				751CEB211A7CC51900E63ED6 /* AppDelegate.swift in Sources */,
			);
			runOnlyForDeploymentPostprocessing = 0;
		};
		751CEB2C1A7CC51900E63ED6 /* Sources */ = {
			isa = PBXSourcesBuildPhase;
			buildActionMask = 2147483647;
			files = (
				751CEB371A7CC51900E63ED6 /* MemoAppTests.swift in Sources */,
			);
			runOnlyForDeploymentPostprocessing = 0;
		};
/* End PBXSourcesBuildPhase section */

/* Begin PBXTargetDependency section */
		751CEB321A7CC51900E63ED6 /* PBXTargetDependency */ = {
			isa = PBXTargetDependency;
			target = 751CEB1A1A7CC51900E63ED6 /* MemoApp */;
			targetProxy = 751CEB311A7CC51900E63ED6 /* PBXContainerItemProxy */;
		};
/* End PBXTargetDependency section */

/* Begin PBXVariantGroup section */
		751CEB291A7CC51900E63ED6 /* LaunchScreen.xib */ = {
			isa = PBXVariantGroup;
			children = (
				751CEB2A1A7CC51900E63ED6 /* Base */,
			);
			name = LaunchScreen.xib;
			sourceTree = "<group>";
		};
/* End PBXVariantGroup section */

/* Begin XCBuildConfiguration section */
		751CEB381A7CC51900E63ED6 /* Debug */ = {
			isa = XCBuildConfiguration;
			buildSettings = {
				ALWAYS_SEARCH_USER_PATHS = NO;
				CLANG_CXX_LANGUAGE_STANDARD = "gnu++0x";
				CLANG_CXX_LIBRARY = "libc++";
				CLANG_ENABLE_MODULES = YES;
				CLANG_ENABLE_OBJC_ARC = YES;
				CLANG_WARN_BOOL_CONVERSION = YES;
				CLANG_WARN_CONSTANT_CONVERSION = YES;
				CLANG_WARN_DIRECT_OBJC_ISA_USAGE = YES_ERROR;
				CLANG_WARN_EMPTY_BODY = YES;
				CLANG_WARN_ENUM_CONVERSION = YES;
				CLANG_WARN_INT_CONVERSION = YES;
				CLANG_WARN_OBJC_ROOT_CLASS = YES_ERROR;
				CLANG_WARN_UNREACHABLE_CODE = YES;
				CLANG_WARN__DUPLICATE_METHOD_MATCH = YES;
				"CODE_SIGN_IDENTITY[sdk=iphoneos*]" = "iPhone Developer";
				COPY_PHASE_STRIP = NO;
				ENABLE_STRICT_OBJC_MSGSEND = YES;
				GCC_C_LANGUAGE_STANDARD = gnu99;
				GCC_DYNAMIC_NO_PIC = NO;
				GCC_OPTIMIZATION_LEVEL = 0;
				GCC_PREPROCESSOR_DEFINITIONS = (
					"DEBUG=1",
					"$(inherited)",
				);
				GCC_SYMBOLS_PRIVATE_EXTERN = NO;
				GCC_WARN_64_TO_32_BIT_CONVERSION = YES;
				GCC_WARN_ABOUT_RETURN_TYPE = YES_ERROR;
				GCC_WARN_UNDECLARED_SELECTOR = YES;
				GCC_WARN_UNINITIALIZED_AUTOS = YES_AGGRESSIVE;
				GCC_WARN_UNUSED_FUNCTION = YES;
				GCC_WARN_UNUSED_VARIABLE = YES;
				IPHONEOS_DEPLOYMENT_TARGET = 8.1;
				MTL_ENABLE_DEBUG_INFO = YES;
				ONLY_ACTIVE_ARCH = YES;
				SDKROOT = iphoneos;
				SWIFT_OPTIMIZATION_LEVEL = "-Onone";
			};
			name = Debug;
		};
		751CEB391A7CC51900E63ED6 /* Release */ = {
			isa = XCBuildConfiguration;
			buildSettings = {
				ALWAYS_SEARCH_USER_PATHS = NO;
				CLANG_CXX_LANGUAGE_STANDARD = "gnu++0x";
				CLANG_CXX_LIBRARY = "libc++";
				CLANG_ENABLE_MODULES = YES;
				CLANG_ENABLE_OBJC_ARC = YES;
				CLANG_WARN_BOOL_CONVERSION = YES;
				CLANG_WARN_CONSTANT_CONVERSION = YES;
				CLANG_WARN_DIRECT_OBJC_ISA_USAGE = YES_ERROR;
				CLANG_WARN_EMPTY_BODY = YES;
				CLANG_WARN_ENUM_CONVERSION = YES;
				CLANG_WARN_INT_CONVERSION = YES;
				CLANG_WARN_OBJC_ROOT_CLASS = YES_ERROR;
				CLANG_WARN_UNREACHABLE_CODE = YES;
				CLANG_WARN__DUPLICATE_METHOD_MATCH = YES;
				"CODE_SIGN_IDENTITY[sdk=iphoneos*]" = "iPhone Developer";
				COPY_PHASE_STRIP = YES;
				ENABLE_NS_ASSERTIONS = NO;
				ENABLE_STRICT_OBJC_MSGSEND = YES;
				GCC_C_LANGUAGE_STANDARD = gnu99;
				GCC_WARN_64_TO_32_BIT_CONVERSION = YES;
				GCC_WARN_ABOUT_RETURN_TYPE = YES_ERROR;
				GCC_WARN_UNDECLARED_SELECTOR = YES;
				GCC_WARN_UNINITIALIZED_AUTOS = YES_AGGRESSIVE;
				GCC_WARN_UNUSED_FUNCTION = YES;
				GCC_WARN_UNUSED_VARIABLE = YES;
				IPHONEOS_DEPLOYMENT_TARGET = 8.1;
				MTL_ENABLE_DEBUG_INFO = NO;
				SDKROOT = iphoneos;
				VALIDATE_PRODUCT = YES;
			};
			name = Release;
		};
		751CEB3B1A7CC51900E63ED6 /* Debug */ = {
			isa = XCBuildConfiguration;
			buildSettings = {
				ASSETCATALOG_COMPILER_APPICON_NAME = AppIcon;
				CODE_SIGN_IDENTITY = "iPhone Developer";
				"CODE_SIGN_IDENTITY[sdk=iphoneos*]" = "iPhone Developer";
				INFOPLIST_FILE = MemoApp/Info.plist;
				IPHONEOS_DEPLOYMENT_TARGET = 8.4;
				LD_RUNPATH_SEARCH_PATHS = "$(inherited) @executable_path/Frameworks";
				PRODUCT_MODULE_NAME = WebMemo;
				PRODUCT_NAME = WebMemo;
				PROVISIONING_PROFILE = "";
			};
			name = Debug;
		};
		751CEB3C1A7CC51900E63ED6 /* Release */ = {
			isa = XCBuildConfiguration;
			buildSettings = {
				ASSETCATALOG_COMPILER_APPICON_NAME = AppIcon;
				CODE_SIGN_IDENTITY = "iPhone Developer";
				"CODE_SIGN_IDENTITY[sdk=iphoneos*]" = "iPhone Developer";
				INFOPLIST_FILE = MemoApp/Info.plist;
				IPHONEOS_DEPLOYMENT_TARGET = 8.4;
				LD_RUNPATH_SEARCH_PATHS = "$(inherited) @executable_path/Frameworks";
				PRODUCT_MODULE_NAME = WebMemo;
				PRODUCT_NAME = WebMemo;
				PROVISIONING_PROFILE = "";
			};
			name = Release;
		};
		751CEB3E1A7CC51900E63ED6 /* Debug */ = {
			isa = XCBuildConfiguration;
			buildSettings = {
				BUNDLE_LOADER = "$(TEST_HOST)";
				FRAMEWORK_SEARCH_PATHS = (
					"$(SDKROOT)/Developer/Library/Frameworks",
					"$(inherited)",
				);
				GCC_PREPROCESSOR_DEFINITIONS = (
					"DEBUG=1",
					"$(inherited)",
				);
				INFOPLIST_FILE = MemoAppTests/Info.plist;
				LD_RUNPATH_SEARCH_PATHS = "$(inherited) @executable_path/Frameworks @loader_path/Frameworks";
				PRODUCT_NAME = "$(TARGET_NAME)";
				TEST_HOST = "$(BUILT_PRODUCTS_DIR)/MemoApp.app/MemoApp";
			};
			name = Debug;
		};
		751CEB3F1A7CC51900E63ED6 /* Release */ = {
			isa = XCBuildConfiguration;
			buildSettings = {
				BUNDLE_LOADER = "$(TEST_HOST)";
				FRAMEWORK_SEARCH_PATHS = (
					"$(SDKROOT)/Developer/Library/Frameworks",
					"$(inherited)",
				);
				INFOPLIST_FILE = MemoAppTests/Info.plist;
				LD_RUNPATH_SEARCH_PATHS = "$(inherited) @executable_path/Frameworks @loader_path/Frameworks";
				PRODUCT_NAME = "$(TARGET_NAME)";
				TEST_HOST = "$(BUILT_PRODUCTS_DIR)/MemoApp.app/MemoApp";
			};
			name = Release;
		};
/* End XCBuildConfiguration section */

/* Begin XCConfigurationList section */
		751CEB161A7CC51900E63ED6 /* Build configuration list for PBXProject "MemoApp" */ = {
			isa = XCConfigurationList;
			buildConfigurations = (
				751CEB381A7CC51900E63ED6 /* Debug */,
				751CEB391A7CC51900E63ED6 /* Release */,
			);
			defaultConfigurationIsVisible = 0;
			defaultConfigurationName = Release;
		};
		751CEB3A1A7CC51900E63ED6 /* Build configuration list for PBXNativeTarget "MemoApp" */ = {
			isa = XCConfigurationList;
			buildConfigurations = (
				751CEB3B1A7CC51900E63ED6 /* Debug */,
				751CEB3C1A7CC51900E63ED6 /* Release */,
			);
			defaultConfigurationIsVisible = 0;
			defaultConfigurationName = Release;
		};
		751CEB3D1A7CC51900E63ED6 /* Build configuration list for PBXNativeTarget "MemoAppTests" */ = {
			isa = XCConfigurationList;
			buildConfigurations = (
				751CEB3E1A7CC51900E63ED6 /* Debug */,
				751CEB3F1A7CC51900E63ED6 /* Release */,
			);
			defaultConfigurationIsVisible = 0;
			defaultConfigurationName = Release;
		};
/* End XCConfigurationList section */
	};
	rootObject = 751CEB131A7CC51900E63ED6 /* Project object */;
}
